
Microsoft Visual Studio Solution File, Format Version 10.00
# Visual Studio 2008
Project("{FAE04EC0-301F-11D3-BF4B-00C04F79EFBC}") = "Volcano.NET", "Volcano.NET\Volcano.NET.csproj", "{E1C546E3-C2B8-4DF1-A5C7-9AA2A2225091}"
EndProject
Global
	GlobalSection(SolutionConfigurationPlatforms) = preSolution
		Debug|Any CPU = Debug|Any CPU
		Release|Any CPU = Release|Any CPU
	EndGlobalSection
	GlobalSection(ProjectConfigurationPlatforms) = postSolution
		{E1C546E3-C2B8-4DF1-A5C7-9AA2A2225091}.Debug|Any CPU.ActiveCfg = Debug|Any CPU
		{E1C546E3-C2B8-4DF1-A5C7-9AA2A2225091}.Debug|Any CPU.Build.0 = Debug|Any CPU
		{E1C546E3-C2B8-4DF1-A5C7-9AA2A2225091}.Release|Any CPU.ActiveCfg = Release|Any CPU
		{E1C546E3-C2B8-4DF1-A5C7-9AA2A2225091}.Release|Any CPU.Build.0 = Release|Any CPU
	EndGlobalSection
	GlobalSection(SolutionProperties) = preSolution
		HideSolutionNode = FALSE
	EndGlobalSection
EndGlobal
